PODS:
  - Alamofire (5.2.2)
  - DifferenceKit/Core (1.1.5)
  - DifferenceKit/UIKitExtension (1.1.5):
    - DifferenceKit/Core
  - Moya (14.0.0):
    - Moya/Core (= 14.0.0)
  - Moya/Core (14.0.0):
    - Alamofire (~> 5.0)
  - SHSearchBar (1.7.0)
  - SVProgressHUD (2.2.5)
  - SwiftRichString (3.7.2)
  - Swinject (2.7.1)
  - SwinjectAutoregistration (2.7.0):
    - Swinject (~> 2.7)
  - TinyConstraints (4.0.1)

DEPENDENCIES:
  - Alamofire
  - DifferenceKit/Core
  - DifferenceKit/UIKitExtension
  - Moya (~> 14.0)
  - SHSearchBar
  - SVProgressHUD
  - SwiftRichString
  - Swinject
  - SwinjectAutoregistration (~> 2.7.0)
  - TinyConstraints

SPEC REPOS:
  https://github.com/CocoaPods/Specs.git:
    - Alamofire
    - DifferenceKit
    - Moya
    - SHSearchBar
    - SVProgressHUD
    - SwiftRichString
    - Swinject
    - SwinjectAutoregistration
    - TinyConstraints

SPEC CHECKSUMS:
  Alamofire: 814429acc853c6c54ff123fc3d2ef66803823ce0
  DifferenceKit: 516f12e336ed65a3a0665847b5c3cb5cad4bd4ea
  Moya: 5b45dacb75adb009f97fde91c204c1e565d31916
  SHSearchBar: 9fcc9daff8a3264386b975961de6c485f33439d4
  SVProgressHUD: 1428aafac632c1f86f62aa4243ec12008d7a51d6
  SwiftRichString: d61b807db1f8834c26fee92b6dd3e1be2dc5af03
  Swinject: ddf78b8486dd9b71a667b852cad919ab4484478e
  SwinjectAutoregistration: 330f5012642a8b5c89a8a4adb0c5e52df07382c0
  TinyConstraints: 8dd91295e56797648c7bc335dd20e1d91ec4c192

PODFILE CHECKSUM: 19043ceaaf3a2422e28780ad7319eda63c1d5fb4

COCOAPODS: 1.9.3
