// !$*UTF8*$!
{
	archiveVersion = 1;
	classes = {
	};
	objectVersion = 51;
	objects = {

/* Begin PBXBuildFile section */
		38BB70E8BAAE4ECF41322E45 /* Pods_Aviasales_Test.framework in Frameworks */ = {isa = PBXBuildFile; fileRef = 2FC690FD4E274AD813782AF8 /* Pods_Aviasales_Test.framework */; };
		DD13B929253E00CB0015DBEC /* NoResultCell.swift in Sources */ = {isa = PBXBuildFile; fileRef = DD13B928253E00CB0015DBEC /* NoResultCell.swift */; };
		DD13B92C253E00D60015DBEC /* NoResultCellViewModel.swift in Sources */ = {isa = PBXBuildFile; fileRef = DD13B92B253E00D60015DBEC /* NoResultCellViewModel.swift */; };
		DD13B93B253E11F60015DBEC /* DispatchQueue+Dedupe.swift in Sources */ = {isa = PBXBuildFile; fileRef = DD13B93A253E11F60015DBEC /* DispatchQueue+Dedupe.swift */; };
		DD13B941253E1D0B0015DBEC /* Localizable.strings in Resources */ = {isa = PBXBuildFile; fileRef = DD13B943253E1D0B0015DBEC /* Localizable.strings */; };
		DD8368CA253AE38D00B38A6F /* Router.swift in Sources */ = {isa = PBXBuildFile; fileRef = DD8368C9253AE38D00B38A6F /* Router.swift */; };
		DD8368CD253AE3A500B38A6F /* ListingRouter.swift in Sources */ = {isa = PBXBuildFile; fileRef = DD8368CC253AE3A500B38A6F /* ListingRouter.swift */; };
		DD8368D1253AE52200B38A6F /* MapAssembler.swift in Sources */ = {isa = PBXBuildFile; fileRef = DD8368D0253AE52200B38A6F /* MapAssembler.swift */; };
		DD8368D4253AE52900B38A6F /* MapViewController.swift in Sources */ = {isa = PBXBuildFile; fileRef = DD8368D3253AE52900B38A6F /* MapViewController.swift */; };
		DD8368D7253AE52F00B38A6F /* MapModelController.swift in Sources */ = {isa = PBXBuildFile; fileRef = DD8368D6253AE52F00B38A6F /* MapModelController.swift */; };
		DD8368DA253AEA0C00B38A6F /* MapRouter.swift in Sources */ = {isa = PBXBuildFile; fileRef = DD8368D9253AEA0C00B38A6F /* MapRouter.swift */; };
		DD8368E0253AF19C00B38A6F /* IATAAnnotation.swift in Sources */ = {isa = PBXBuildFile; fileRef = DD8368DF253AF19C00B38A6F /* IATAAnnotation.swift */; };
		DD8368E3253AF31000B38A6F /* IATAAnnotationView.swift in Sources */ = {isa = PBXBuildFile; fileRef = DD8368E2253AF31000B38A6F /* IATAAnnotationView.swift */; };
		DD8368E8253AFA7800B38A6F /* CLLocationCoordinate2D+Location.swift in Sources */ = {isa = PBXBuildFile; fileRef = DD8368E7253AFA7800B38A6F /* CLLocationCoordinate2D+Location.swift */; };
		DD8368EB253AFE9900B38A6F /* MapCommon.swift in Sources */ = {isa = PBXBuildFile; fileRef = DD8368EA253AFE9900B38A6F /* MapCommon.swift */; };
		DD836904253B2C7C00B38A6F /* UIImage+Rotated.swift in Sources */ = {isa = PBXBuildFile; fileRef = DD836903253B2C7C00B38A6F /* UIImage+Rotated.swift */; };
		DD836909253B38E400B38A6F /* AppColor.swift in Sources */ = {isa = PBXBuildFile; fileRef = DD836908253B38E400B38A6F /* AppColor.swift */; };
		DD91862B2535FA83002AA189 /* AppDelegate.swift in Sources */ = {isa = PBXBuildFile; fileRef = DD91862A2535FA83002AA189 /* AppDelegate.swift */; };
		DD9186342535FA85002AA189 /* Assets.xcassets in Resources */ = {isa = PBXBuildFile; fileRef = DD9186332535FA85002AA189 /* Assets.xcassets */; };
		DD9186372535FA85002AA189 /* LaunchScreen.storyboard in Resources */ = {isa = PBXBuildFile; fileRef = DD9186352535FA85002AA189 /* LaunchScreen.storyboard */; };
		DD91865A25361084002AA189 /* ListingNavigationController.swift in Sources */ = {isa = PBXBuildFile; fileRef = DD91865925361084002AA189 /* ListingNavigationController.swift */; };
		DD9186622536111A002AA189 /* ListingModelController.swift in Sources */ = {isa = PBXBuildFile; fileRef = DD91865D2536111A002AA189 /* ListingModelController.swift */; };
		DD9186632536111A002AA189 /* ListingViewController.swift in Sources */ = {isa = PBXBuildFile; fileRef = DD91865E2536111A002AA189 /* ListingViewController.swift */; };
		DD9186642536111A002AA189 /* ListingCellTypeProvider.swift in Sources */ = {isa = PBXBuildFile; fileRef = DD91865F2536111A002AA189 /* ListingCellTypeProvider.swift */; };
		DD9186652536111A002AA189 /* ListingCellHeightProvider.swift in Sources */ = {isa = PBXBuildFile; fileRef = DD9186602536111A002AA189 /* ListingCellHeightProvider.swift */; };
		DD9186662536111A002AA189 /* ListingAssembler.swift in Sources */ = {isa = PBXBuildFile; fileRef = DD9186612536111A002AA189 /* ListingAssembler.swift */; };
		DD9186762536116B002AA189 /* TableViewAdapter.swift in Sources */ = {isa = PBXBuildFile; fileRef = DD91866A2536116B002AA189 /* TableViewAdapter.swift */; };
		DD9186772536116B002AA189 /* TableViewCellTypeProvider.swift in Sources */ = {isa = PBXBuildFile; fileRef = DD91866B2536116B002AA189 /* TableViewCellTypeProvider.swift */; };
		DD9186782536116B002AA189 /* TableViewDirector.swift in Sources */ = {isa = PBXBuildFile; fileRef = DD91866C2536116B002AA189 /* TableViewDirector.swift */; };
		DD9186792536116B002AA189 /* TableViewEvents.swift in Sources */ = {isa = PBXBuildFile; fileRef = DD91866D2536116B002AA189 /* TableViewEvents.swift */; };
		DD91867A2536116B002AA189 /* TableViewCell.swift in Sources */ = {isa = PBXBuildFile; fileRef = DD91866E2536116B002AA189 /* TableViewCell.swift */; };
		DD91867B2536116B002AA189 /* FallbackCell.swift in Sources */ = {isa = PBXBuildFile; fileRef = DD91866F2536116B002AA189 /* FallbackCell.swift */; };
		DD91867C2536116B002AA189 /* ScrollViewEvents.swift in Sources */ = {isa = PBXBuildFile; fileRef = DD9186702536116B002AA189 /* ScrollViewEvents.swift */; };
		DD91867D2536116B002AA189 /* TableViewCellHeightProvider.swift in Sources */ = {isa = PBXBuildFile; fileRef = DD9186712536116B002AA189 /* TableViewCellHeightProvider.swift */; };
		DD91867E2536116B002AA189 /* TableViewUpdater.swift in Sources */ = {isa = PBXBuildFile; fileRef = DD9186722536116B002AA189 /* TableViewUpdater.swift */; };
		DD91867F2536116B002AA189 /* TableViewCellViewModel.swift in Sources */ = {isa = PBXBuildFile; fileRef = DD9186732536116B002AA189 /* TableViewCellViewModel.swift */; };
		DD9186802536116B002AA189 /* Cache.swift in Sources */ = {isa = PBXBuildFile; fileRef = DD9186752536116B002AA189 /* Cache.swift */; };
		DD918683253611B7002AA189 /* AppAssembler.swift in Sources */ = {isa = PBXBuildFile; fileRef = DD918682253611B7002AA189 /* AppAssembler.swift */; };
		DD91868C25361260002AA189 /* VoidResult.swift in Sources */ = {isa = PBXBuildFile; fileRef = DD9186852536125F002AA189 /* VoidResult.swift */; };
		DD91868D25361260002AA189 /* ListingService.swift in Sources */ = {isa = PBXBuildFile; fileRef = DD91868825361260002AA189 /* ListingService.swift */; };
		DD91868E25361260002AA189 /* ListingServiceImpl.swift in Sources */ = {isa = PBXBuildFile; fileRef = DD91868925361260002AA189 /* ListingServiceImpl.swift */; };
		DD91868F25361260002AA189 /* ListingAPI.swift in Sources */ = {isa = PBXBuildFile; fileRef = DD91868B25361260002AA189 /* ListingAPI.swift */; };
		DD9186932536131E002AA189 /* AppConstants.swift in Sources */ = {isa = PBXBuildFile; fileRef = DD9186922536131E002AA189 /* AppConstants.swift */; };
		DD918697253615FD002AA189 /* Location.swift in Sources */ = {isa = PBXBuildFile; fileRef = DD918696253615FD002AA189 /* Location.swift */; };
		DD91869A25361687002AA189 /* Place.swift in Sources */ = {isa = PBXBuildFile; fileRef = DD91869925361687002AA189 /* Place.swift */; };
		DD9186A025361A6F002AA189 /* ListingPlaceCell.swift in Sources */ = {isa = PBXBuildFile; fileRef = DD91869F25361A6F002AA189 /* ListingPlaceCell.swift */; };
		DD9186A325361A76002AA189 /* ListingPlaceCellViewModel.swift in Sources */ = {isa = PBXBuildFile; fileRef = DD9186A225361A76002AA189 /* ListingPlaceCellViewModel.swift */; };
		DD9186AA25361C5F002AA189 /* SFProDisplay-Medium.ttf in Resources */ = {isa = PBXBuildFile; fileRef = DD9186A725361C5F002AA189 /* SFProDisplay-Medium.ttf */; };
		DD9186AB25361C5F002AA189 /* SFProDisplay-Regular.ttf in Resources */ = {isa = PBXBuildFile; fileRef = DD9186A825361C5F002AA189 /* SFProDisplay-Regular.ttf */; };
		DD9186AC25361C5F002AA189 /* SFProDisplay-Bold.ttf in Resources */ = {isa = PBXBuildFile; fileRef = DD9186A925361C5F002AA189 /* SFProDisplay-Bold.ttf */; };
		DD9186AF25361C76002AA189 /* AppFont.swift in Sources */ = {isa = PBXBuildFile; fileRef = DD9186AE25361C76002AA189 /* AppFont.swift */; };
		DD9186B425361CB5002AA189 /* UITableView++.swift in Sources */ = {isa = PBXBuildFile; fileRef = DD9186B325361CB5002AA189 /* UITableView++.swift */; };
/* End PBXBuildFile section */

/* Begin PBXFileReference section */
		2FC690FD4E274AD813782AF8 /* Pods_Aviasales_Test.framework */ = {isa = PBXFileReference; explicitFileType = wrapper.framework; includeInIndex = 0; path = Pods_Aviasales_Test.framework; sourceTree = BUILT_PRODUCTS_DIR; };
		5CD259B7D79FB7336686EBAE /* Pods-Aviasales Test.release.xcconfig */ = {isa = PBXFileReference; includeInIndex = 1; lastKnownFileType = text.xcconfig; name = "Pods-Aviasales Test.release.xcconfig"; path = "Target Support Files/Pods-Aviasales Test/Pods-Aviasales Test.release.xcconfig"; sourceTree = "<group>"; };
		DD13B928253E00CB0015DBEC /* NoResultCell.swift */ = {isa = PBXFileReference; lastKnownFileType = sourcecode.swift; path = NoResultCell.swift; sourceTree = "<group>"; };
		DD13B92B253E00D60015DBEC /* NoResultCellViewModel.swift */ = {isa = PBXFileReference; lastKnownFileType = sourcecode.swift; path = NoResultCellViewModel.swift; sourceTree = "<group>"; };
		DD13B93A253E11F60015DBEC /* DispatchQueue+Dedupe.swift */ = {isa = PBXFileReference; lastKnownFileType = sourcecode.swift; path = "DispatchQueue+Dedupe.swift"; sourceTree = "<group>"; };
		DD13B942253E1D0B0015DBEC /* en */ = {isa = PBXFileReference; lastKnownFileType = text.plist.strings; name = en; path = en.lproj/Localizable.strings; sourceTree = "<group>"; };
		DD13B945253E1D1C0015DBEC /* ru */ = {isa = PBXFileReference; lastKnownFileType = text.plist.strings; name = ru; path = ru.lproj/Localizable.strings; sourceTree = "<group>"; };
		DD8368C9253AE38D00B38A6F /* Router.swift */ = {isa = PBXFileReference; lastKnownFileType = sourcecode.swift; path = Router.swift; sourceTree = "<group>"; };
		DD8368CC253AE3A500B38A6F /* ListingRouter.swift */ = {isa = PBXFileReference; lastKnownFileType = sourcecode.swift; path = ListingRouter.swift; sourceTree = "<group>"; };
		DD8368D0253AE52200B38A6F /* MapAssembler.swift */ = {isa = PBXFileReference; lastKnownFileType = sourcecode.swift; path = MapAssembler.swift; sourceTree = "<group>"; };
		DD8368D3253AE52900B38A6F /* MapViewController.swift */ = {isa = PBXFileReference; lastKnownFileType = sourcecode.swift; path = MapViewController.swift; sourceTree = "<group>"; };
		DD8368D6253AE52F00B38A6F /* MapModelController.swift */ = {isa = PBXFileReference; lastKnownFileType = sourcecode.swift; path = MapModelController.swift; sourceTree = "<group>"; };
		DD8368D9253AEA0C00B38A6F /* MapRouter.swift */ = {isa = PBXFileReference; lastKnownFileType = sourcecode.swift; path = MapRouter.swift; sourceTree = "<group>"; };
		DD8368DF253AF19C00B38A6F /* IATAAnnotation.swift */ = {isa = PBXFileReference; lastKnownFileType = sourcecode.swift; path = IATAAnnotation.swift; sourceTree = "<group>"; };
		DD8368E2253AF31000B38A6F /* IATAAnnotationView.swift */ = {isa = PBXFileReference; lastKnownFileType = sourcecode.swift; path = IATAAnnotationView.swift; sourceTree = "<group>"; };
		DD8368E7253AFA7800B38A6F /* CLLocationCoordinate2D+Location.swift */ = {isa = PBXFileReference; lastKnownFileType = sourcecode.swift; path = "CLLocationCoordinate2D+Location.swift"; sourceTree = "<group>"; };
		DD8368EA253AFE9900B38A6F /* MapCommon.swift */ = {isa = PBXFileReference; lastKnownFileType = sourcecode.swift; path = MapCommon.swift; sourceTree = "<group>"; };
		DD836903253B2C7C00B38A6F /* UIImage+Rotated.swift */ = {isa = PBXFileReference; lastKnownFileType = sourcecode.swift; path = "UIImage+Rotated.swift"; sourceTree = "<group>"; };
		DD836908253B38E400B38A6F /* AppColor.swift */ = {isa = PBXFileReference; lastKnownFileType = sourcecode.swift; path = AppColor.swift; sourceTree = "<group>"; };
		DD9186272535FA83002AA189 /* Aviasales Test.app */ = {isa = PBXFileReference; explicitFileType = wrapper.application; includeInIndex = 0; path = "Aviasales Test.app"; sourceTree = BUILT_PRODUCTS_DIR; };
		DD91862A2535FA83002AA189 /* AppDelegate.swift */ = {isa = PBXFileReference; lastKnownFileType = sourcecode.swift; path = AppDelegate.swift; sourceTree = "<group>"; };
		DD9186332535FA85002AA189 /* Assets.xcassets */ = {isa = PBXFileReference; lastKnownFileType = folder.assetcatalog; path = Assets.xcassets; sourceTree = "<group>"; };
		DD9186362535FA85002AA189 /* Base */ = {isa = PBXFileReference; lastKnownFileType = file.storyboard; name = Base; path = Base.lproj/LaunchScreen.storyboard; sourceTree = "<group>"; };
		DD9186382535FA85002AA189 /* Info.plist */ = {isa = PBXFileReference; lastKnownFileType = text.plist.xml; path = Info.plist; sourceTree = "<group>"; };
		DD91865925361084002AA189 /* ListingNavigationController.swift */ = {isa = PBXFileReference; lastKnownFileType = sourcecode.swift; path = ListingNavigationController.swift; sourceTree = "<group>"; };
		DD91865D2536111A002AA189 /* ListingModelController.swift */ = {isa = PBXFileReference; fileEncoding = 4; lastKnownFileType = sourcecode.swift; path = ListingModelController.swift; sourceTree = "<group>"; };
		DD91865E2536111A002AA189 /* ListingViewController.swift */ = {isa = PBXFileReference; fileEncoding = 4; lastKnownFileType = sourcecode.swift; path = ListingViewController.swift; sourceTree = "<group>"; };
		DD91865F2536111A002AA189 /* ListingCellTypeProvider.swift */ = {isa = PBXFileReference; fileEncoding = 4; lastKnownFileType = sourcecode.swift; path = ListingCellTypeProvider.swift; sourceTree = "<group>"; };
		DD9186602536111A002AA189 /* ListingCellHeightProvider.swift */ = {isa = PBXFileReference; fileEncoding = 4; lastKnownFileType = sourcecode.swift; path = ListingCellHeightProvider.swift; sourceTree = "<group>"; };
		DD9186612536111A002AA189 /* ListingAssembler.swift */ = {isa = PBXFileReference; fileEncoding = 4; lastKnownFileType = sourcecode.swift; path = ListingAssembler.swift; sourceTree = "<group>"; };
		DD91866A2536116B002AA189 /* TableViewAdapter.swift */ = {isa = PBXFileReference; fileEncoding = 4; lastKnownFileType = sourcecode.swift; path = TableViewAdapter.swift; sourceTree = "<group>"; };
		DD91866B2536116B002AA189 /* TableViewCellTypeProvider.swift */ = {isa = PBXFileReference; fileEncoding = 4; lastKnownFileType = sourcecode.swift; path = TableViewCellTypeProvider.swift; sourceTree = "<group>"; };
		DD91866C2536116B002AA189 /* TableViewDirector.swift */ = {isa = PBXFileReference; fileEncoding = 4; lastKnownFileType = sourcecode.swift; path = TableViewDirector.swift; sourceTree = "<group>"; };
		DD91866D2536116B002AA189 /* TableViewEvents.swift */ = {isa = PBXFileReference; fileEncoding = 4; lastKnownFileType = sourcecode.swift; path = TableViewEvents.swift; sourceTree = "<group>"; };
		DD91866E2536116B002AA189 /* TableViewCell.swift */ = {isa = PBXFileReference; fileEncoding = 4; lastKnownFileType = sourcecode.swift; path = TableViewCell.swift; sourceTree = "<group>"; };
		DD91866F2536116B002AA189 /* FallbackCell.swift */ = {isa = PBXFileReference; fileEncoding = 4; lastKnownFileType = sourcecode.swift; path = FallbackCell.swift; sourceTree = "<group>"; };
		DD9186702536116B002AA189 /* ScrollViewEvents.swift */ = {isa = PBXFileReference; fileEncoding = 4; lastKnownFileType = sourcecode.swift; path = ScrollViewEvents.swift; sourceTree = "<group>"; };
		DD9186712536116B002AA189 /* TableViewCellHeightProvider.swift */ = {isa = PBXFileReference; fileEncoding = 4; lastKnownFileType = sourcecode.swift; path = TableViewCellHeightProvider.swift; sourceTree = "<group>"; };
		DD9186722536116B002AA189 /* TableViewUpdater.swift */ = {isa = PBXFileReference; fileEncoding = 4; lastKnownFileType = sourcecode.swift; path = TableViewUpdater.swift; sourceTree = "<group>"; };
		DD9186732536116B002AA189 /* TableViewCellViewModel.swift */ = {isa = PBXFileReference; fileEncoding = 4; lastKnownFileType = sourcecode.swift; path = TableViewCellViewModel.swift; sourceTree = "<group>"; };
		DD9186752536116B002AA189 /* Cache.swift */ = {isa = PBXFileReference; fileEncoding = 4; lastKnownFileType = sourcecode.swift; path = Cache.swift; sourceTree = "<group>"; };
		DD918682253611B7002AA189 /* AppAssembler.swift */ = {isa = PBXFileReference; lastKnownFileType = sourcecode.swift; path = AppAssembler.swift; sourceTree = "<group>"; };
		DD9186852536125F002AA189 /* VoidResult.swift */ = {isa = PBXFileReference; fileEncoding = 4; lastKnownFileType = sourcecode.swift; path = VoidResult.swift; sourceTree = "<group>"; };
		DD91868825361260002AA189 /* ListingService.swift */ = {isa = PBXFileReference; fileEncoding = 4; lastKnownFileType = sourcecode.swift; path = ListingService.swift; sourceTree = "<group>"; };
		DD91868925361260002AA189 /* ListingServiceImpl.swift */ = {isa = PBXFileReference; fileEncoding = 4; lastKnownFileType = sourcecode.swift; path = ListingServiceImpl.swift; sourceTree = "<group>"; };
		DD91868B25361260002AA189 /* ListingAPI.swift */ = {isa = PBXFileReference; fileEncoding = 4; lastKnownFileType = sourcecode.swift; path = ListingAPI.swift; sourceTree = "<group>"; };
		DD9186922536131E002AA189 /* AppConstants.swift */ = {isa = PBXFileReference; lastKnownFileType = sourcecode.swift; path = AppConstants.swift; sourceTree = "<group>"; };
		DD918696253615FD002AA189 /* Location.swift */ = {isa = PBXFileReference; lastKnownFileType = sourcecode.swift; path = Location.swift; sourceTree = "<group>"; };
		DD91869925361687002AA189 /* Place.swift */ = {isa = PBXFileReference; lastKnownFileType = sourcecode.swift; path = Place.swift; sourceTree = "<group>"; };
		DD91869F25361A6F002AA189 /* ListingPlaceCell.swift */ = {isa = PBXFileReference; lastKnownFileType = sourcecode.swift; path = ListingPlaceCell.swift; sourceTree = "<group>"; };
		DD9186A225361A76002AA189 /* ListingPlaceCellViewModel.swift */ = {isa = PBXFileReference; lastKnownFileType = sourcecode.swift; path = ListingPlaceCellViewModel.swift; sourceTree = "<group>"; };
		DD9186A725361C5F002AA189 /* SFProDisplay-Medium.ttf */ = {isa = PBXFileReference; lastKnownFileType = file; path = "SFProDisplay-Medium.ttf"; sourceTree = "<group>"; };
		DD9186A825361C5F002AA189 /* SFProDisplay-Regular.ttf */ = {isa = PBXFileReference; lastKnownFileType = file; path = "SFProDisplay-Regular.ttf"; sourceTree = "<group>"; };
		DD9186A925361C5F002AA189 /* SFProDisplay-Bold.ttf */ = {isa = PBXFileReference; lastKnownFileType = file; path = "SFProDisplay-Bold.ttf"; sourceTree = "<group>"; };
		DD9186AE25361C76002AA189 /* AppFont.swift */ = {isa = PBXFileReference; fileEncoding = 4; lastKnownFileType = sourcecode.swift; path = AppFont.swift; sourceTree = "<group>"; };
		DD9186B325361CB5002AA189 /* UITableView++.swift */ = {isa = PBXFileReference; fileEncoding = 4; lastKnownFileType = sourcecode.swift; path = "UITableView++.swift"; sourceTree = "<group>"; };
		E5573DBB5D84813DD386FAC3 /* Pods-Aviasales Test.debug.xcconfig */ = {isa = PBXFileReference; includeInIndex = 1; lastKnownFileType = text.xcconfig; name = "Pods-Aviasales Test.debug.xcconfig"; path = "Target Support Files/Pods-Aviasales Test/Pods-Aviasales Test.debug.xcconfig"; sourceTree = "<group>"; };
/* End PBXFileReference section */

/* Begin PBXFrameworksBuildPhase section */
		DD9186242535FA83002AA189 /* Frameworks */ = {
			isa = PBXFrameworksBuildPhase;
			buildActionMask = 2147483647;
			files = (
				38BB70E8BAAE4ECF41322E45 /* Pods_Aviasales_Test.framework in Frameworks */,
			);
			runOnlyForDeploymentPostprocessing = 0;
		};
/* End PBXFrameworksBuildPhase section */

/* Begin PBXGroup section */
		0F0619028F84AF47D4062FC2 /* Pods */ = {
			isa = PBXGroup;
			children = (
				E5573DBB5D84813DD386FAC3 /* Pods-Aviasales Test.debug.xcconfig */,
				5CD259B7D79FB7336686EBAE /* Pods-Aviasales Test.release.xcconfig */,
			);
			path = Pods;
			sourceTree = "<group>";
		};
		DD13B927253E00B90015DBEC /* No Result Cell */ = {
			isa = PBXGroup;
			children = (
				DD13B928253E00CB0015DBEC /* NoResultCell.swift */,
				DD13B92B253E00D60015DBEC /* NoResultCellViewModel.swift */,
			);
			path = "No Result Cell";
			sourceTree = "<group>";
		};
		DD8368C7253AE2D700B38A6F /* Map */ = {
			isa = PBXGroup;
			children = (
				DD8368DD253AF17300B38A6F /* Annotations */,
				DD8368D0253AE52200B38A6F /* MapAssembler.swift */,
				DD8368EA253AFE9900B38A6F /* MapCommon.swift */,
				DD8368D6253AE52F00B38A6F /* MapModelController.swift */,
				DD8368D9253AEA0C00B38A6F /* MapRouter.swift */,
				DD8368D3253AE52900B38A6F /* MapViewController.swift */,
			);
			path = Map;
			sourceTree = "<group>";
		};
		DD8368DD253AF17300B38A6F /* Annotations */ = {
			isa = PBXGroup;
			children = (
				DD8368DE253AF18800B38A6F /* IATAAnnotation */,
			);
			path = Annotations;
			sourceTree = "<group>";
		};
		DD8368DE253AF18800B38A6F /* IATAAnnotation */ = {
			isa = PBXGroup;
			children = (
				DD8368DF253AF19C00B38A6F /* IATAAnnotation.swift */,
				DD8368E2253AF31000B38A6F /* IATAAnnotationView.swift */,
			);
			path = IATAAnnotation;
			sourceTree = "<group>";
		};
		DD91861E2535FA83002AA189 = {
			isa = PBXGroup;
			children = (
				DD9186292535FA83002AA189 /* Aviasales Test */,
				DD9186282535FA83002AA189 /* Products */,
				0F0619028F84AF47D4062FC2 /* Pods */,
				E4D83664B5469FE549BC4529 /* Frameworks */,
			);
			sourceTree = "<group>";
		};
		DD9186282535FA83002AA189 /* Products */ = {
			isa = PBXGroup;
			children = (
				DD9186272535FA83002AA189 /* Aviasales Test.app */,
			);
			name = Products;
			sourceTree = "<group>";
		};
		DD9186292535FA83002AA189 /* Aviasales Test */ = {
			isa = PBXGroup;
			children = (
				DD9186422535FB84002AA189 /* Application */,
				DD9186B225361CB5002AA189 /* Extensions */,
				DD9186442535FB93002AA189 /* Modules */,
				DD9186432535FB8B002AA189 /* Network */,
				DD9186682536116B002AA189 /* Packages */,
				DD9186462535FBA5002AA189 /* Resources */,
				DD9186472535FBAE002AA189 /* Supporting */,
			);
			path = "Aviasales Test";
			sourceTree = "<group>";
		};
		DD9186422535FB84002AA189 /* Application */ = {
			isa = PBXGroup;
			children = (
				DD918682253611B7002AA189 /* AppAssembler.swift */,
				DD836908253B38E400B38A6F /* AppColor.swift */,
				DD9186922536131E002AA189 /* AppConstants.swift */,
				DD91862A2535FA83002AA189 /* AppDelegate.swift */,
				DD9186AE25361C76002AA189 /* AppFont.swift */,
				DD8368C9253AE38D00B38A6F /* Router.swift */,
			);
			path = Application;
			sourceTree = "<group>";
		};
		DD9186432535FB8B002AA189 /* Network */ = {
			isa = PBXGroup;
			children = (
				DD91868A25361260002AA189 /* APIs */,
				DD91869525361571002AA189 /* Models */,
				DD91868625361260002AA189 /* Services */,
				DD9186852536125F002AA189 /* VoidResult.swift */,
			);
			path = Network;
			sourceTree = "<group>";
		};
		DD9186442535FB93002AA189 /* Modules */ = {
			isa = PBXGroup;
			children = (
				DD91865725361060002AA189 /* Listing */,
				DD8368C7253AE2D700B38A6F /* Map */,
			);
			path = Modules;
			sourceTree = "<group>";
		};
		DD9186462535FBA5002AA189 /* Resources */ = {
			isa = PBXGroup;
			children = (
				DD9186A625361C5F002AA189 /* Fonts */,
				DD9186332535FA85002AA189 /* Assets.xcassets */,
				DD13B943253E1D0B0015DBEC /* Localizable.strings */,
			);
			path = Resources;
			sourceTree = "<group>";
		};
		DD9186472535FBAE002AA189 /* Supporting */ = {
			isa = PBXGroup;
			children = (
				DD9186352535FA85002AA189 /* LaunchScreen.storyboard */,
				DD9186382535FA85002AA189 /* Info.plist */,
			);
			path = Supporting;
			sourceTree = "<group>";
		};
		DD91865725361060002AA189 /* Listing */ = {
			isa = PBXGroup;
			children = (
				DD91869E25361A64002AA189 /* Cells */,
				DD9186612536111A002AA189 /* ListingAssembler.swift */,
				DD9186602536111A002AA189 /* ListingCellHeightProvider.swift */,
				DD91865F2536111A002AA189 /* ListingCellTypeProvider.swift */,
				DD91865D2536111A002AA189 /* ListingModelController.swift */,
				DD91865925361084002AA189 /* ListingNavigationController.swift */,
				DD8368CC253AE3A500B38A6F /* ListingRouter.swift */,
				DD91865E2536111A002AA189 /* ListingViewController.swift */,
			);
			path = Listing;
			sourceTree = "<group>";
		};
		DD9186682536116B002AA189 /* Packages */ = {
			isa = PBXGroup;
			children = (
				DD9186692536116B002AA189 /* TableView */,
				DD9186742536116B002AA189 /* Utils */,
			);
			path = Packages;
			sourceTree = "<group>";
		};
		DD9186692536116B002AA189 /* TableView */ = {
			isa = PBXGroup;
			children = (
				DD91866A2536116B002AA189 /* TableViewAdapter.swift */,
				DD91866B2536116B002AA189 /* TableViewCellTypeProvider.swift */,
				DD91866C2536116B002AA189 /* TableViewDirector.swift */,
				DD91866D2536116B002AA189 /* TableViewEvents.swift */,
				DD91866E2536116B002AA189 /* TableViewCell.swift */,
				DD91866F2536116B002AA189 /* FallbackCell.swift */,
				DD9186702536116B002AA189 /* ScrollViewEvents.swift */,
				DD9186712536116B002AA189 /* TableViewCellHeightProvider.swift */,
				DD9186722536116B002AA189 /* TableViewUpdater.swift */,
				DD9186732536116B002AA189 /* TableViewCellViewModel.swift */,
			);
			path = TableView;
			sourceTree = "<group>";
		};
		DD9186742536116B002AA189 /* Utils */ = {
			isa = PBXGroup;
			children = (
				DD9186752536116B002AA189 /* Cache.swift */,
			);
			path = Utils;
			sourceTree = "<group>";
		};
		DD91868625361260002AA189 /* Services */ = {
			isa = PBXGroup;
			children = (
				DD91868725361260002AA189 /* ListingService */,
			);
			path = Services;
			sourceTree = "<group>";
		};
		DD91868725361260002AA189 /* ListingService */ = {
			isa = PBXGroup;
			children = (
				DD91868825361260002AA189 /* ListingService.swift */,
				DD91868925361260002AA189 /* ListingServiceImpl.swift */,
			);
			path = ListingService;
			sourceTree = "<group>";
		};
		DD91868A25361260002AA189 /* APIs */ = {
			isa = PBXGroup;
			children = (
				DD91868B25361260002AA189 /* ListingAPI.swift */,
			);
			path = APIs;
			sourceTree = "<group>";
		};
		DD91869525361571002AA189 /* Models */ = {
			isa = PBXGroup;
			children = (
				DD918696253615FD002AA189 /* Location.swift */,
				DD91869925361687002AA189 /* Place.swift */,
			);
			path = Models;
			sourceTree = "<group>";
		};
		DD91869E25361A64002AA189 /* Cells */ = {
			isa = PBXGroup;
			children = (
				DD13B927253E00B90015DBEC /* No Result Cell */,
				DD9186A525361A9E002AA189 /* Place Cell */,
			);
			path = Cells;
			sourceTree = "<group>";
		};
		DD9186A525361A9E002AA189 /* Place Cell */ = {
			isa = PBXGroup;
			children = (
				DD91869F25361A6F002AA189 /* ListingPlaceCell.swift */,
				DD9186A225361A76002AA189 /* ListingPlaceCellViewModel.swift */,
			);
			path = "Place Cell";
			sourceTree = "<group>";
		};
		DD9186A625361C5F002AA189 /* Fonts */ = {
			isa = PBXGroup;
			children = (
				DD9186A725361C5F002AA189 /* SFProDisplay-Medium.ttf */,
				DD9186A825361C5F002AA189 /* SFProDisplay-Regular.ttf */,
				DD9186A925361C5F002AA189 /* SFProDisplay-Bold.ttf */,
			);
			path = Fonts;
			sourceTree = "<group>";
		};
		DD9186B225361CB5002AA189 /* Extensions */ = {
			isa = PBXGroup;
			children = (
				DD8368E7253AFA7800B38A6F /* CLLocationCoordinate2D+Location.swift */,
				DD13B93A253E11F60015DBEC /* DispatchQueue+Dedupe.swift */,
				DD836903253B2C7C00B38A6F /* UIImage+Rotated.swift */,
				DD9186B325361CB5002AA189 /* UITableView++.swift */,
			);
			path = Extensions;
			sourceTree = "<group>";
		};
		E4D83664B5469FE549BC4529 /* Frameworks */ = {
			isa = PBXGroup;
			children = (
				2FC690FD4E274AD813782AF8 /* Pods_Aviasales_Test.framework */,
			);
			name = Frameworks;
			sourceTree = "<group>";
		};
/* End PBXGroup section */

/* Begin PBXNativeTarget section */
		DD9186262535FA83002AA189 /* Aviasales Test */ = {
			isa = PBXNativeTarget;
			buildConfigurationList = DD91863B2535FA85002AA189 /* Build configuration list for PBXNativeTarget "Aviasales Test" */;
			buildPhases = (
				83B12229D1CD079B33856B66 /* [CP] Check Pods Manifest.lock */,
				DD9186232535FA83002AA189 /* Sources */,
				DD9186242535FA83002AA189 /* Frameworks */,
				DD9186252535FA83002AA189 /* Resources */,
				D9E6281A2E4F9A6DFC7528E4 /* [CP] Embed Pods Frameworks */,
			);
			buildRules = (
			);
			dependencies = (
			);
			name = "Aviasales Test";
			productName = "Aviasales Test";
			productReference = DD9186272535FA83002AA189 /* Aviasales Test.app */;
			productType = "com.apple.product-type.application";
		};
/* End PBXNativeTarget section */

/* Begin PBXProject section */
		DD91861F2535FA83002AA189 /* Project object */ = {
			isa = PBXProject;
			attributes = {
				LastSwiftUpdateCheck = 1200;
				LastUpgradeCheck = 1200;
				TargetAttributes = {
					DD9186262535FA83002AA189 = {
						CreatedOnToolsVersion = 12.0.1;
					};
				};
			};
			buildConfigurationList = DD9186222535FA83002AA189 /* Build configuration list for PBXProject "Aviasales Test" */;
			compatibilityVersion = "Xcode 9.3";
			developmentRegion = en;
			hasScannedForEncodings = 0;
			knownRegions = (
				en,
				Base,
				ru,
			);
			mainGroup = DD91861E2535FA83002AA189;
			productRefGroup = DD9186282535FA83002AA189 /* Products */;
			projectDirPath = "";
			projectRoot = "";
			targets = (
				DD9186262535FA83002AA189 /* Aviasales Test */,
			);
		};
/* End PBXProject section */

/* Begin PBXResourcesBuildPhase section */
		DD9186252535FA83002AA189 /* Resources */ = {
			isa = PBXResourcesBuildPhase;
			buildActionMask = 2147483647;
			files = (
				DD9186372535FA85002AA189 /* LaunchScreen.storyboard in Resources */,
				DD13B941253E1D0B0015DBEC /* Localizable.strings in Resources */,
				DD9186342535FA85002AA189 /* Assets.xcassets in Resources */,
				DD9186AC25361C5F002AA189 /* SFProDisplay-Bold.ttf in Resources */,
				DD9186AA25361C5F002AA189 /* SFProDisplay-Medium.ttf in Resources */,
				DD9186AB25361C5F002AA189 /* SFProDisplay-Regular.ttf in Resources */,
			);
			runOnlyForDeploymentPostprocessing = 0;
		};
/* End PBXResourcesBuildPhase section */

/* Begin PBXShellScriptBuildPhase section */
		83B12229D1CD079B33856B66 /* [CP] Check Pods Manifest.lock */ = {
			isa = PBXShellScriptBuildPhase;
			buildActionMask = 2147483647;
			files = (
			);
			inputFileListPaths = (
			);
			inputPaths = (
				"${PODS_PODFILE_DIR_PATH}/Podfile.lock",
				"${PODS_ROOT}/Manifest.lock",
			);
			name = "[CP] Check Pods Manifest.lock";
			outputFileListPaths = (
			);
			outputPaths = (
				"$(DERIVED_FILE_DIR)/Pods-Aviasales Test-checkManifestLockResult.txt",
			);
			runOnlyForDeploymentPostprocessing = 0;
			shellPath = /bin/sh;
			shellScript = "diff \"${PODS_PODFILE_DIR_PATH}/Podfile.lock\" \"${PODS_ROOT}/Manifest.lock\" > /dev/null\nif [ $? != 0 ] ; then\n    # print error to STDERR\n    echo \"error: The sandbox is not in sync with the Podfile.lock. Run 'pod install' or update your CocoaPods installation.\" >&2\n    exit 1\nfi\n# This output is used by Xcode 'outputs' to avoid re-running this script phase.\necho \"SUCCESS\" > \"${SCRIPT_OUTPUT_FILE_0}\"\n";
			showEnvVarsInLog = 0;
		};
		D9E6281A2E4F9A6DFC7528E4 /* [CP] Embed Pods Frameworks */ = {
			isa = PBXShellScriptBuildPhase;
			buildActionMask = 2147483647;
			files = (
			);
			inputFileListPaths = (
				"${PODS_ROOT}/Target Support Files/Pods-Aviasales Test/Pods-Aviasales Test-frameworks-${CONFIGURATION}-input-files.xcfilelist",
			);
			name = "[CP] Embed Pods Frameworks";
			outputFileListPaths = (
				"${PODS_ROOT}/Target Support Files/Pods-Aviasales Test/Pods-Aviasales Test-frameworks-${CONFIGURATION}-output-files.xcfilelist",
			);
			runOnlyForDeploymentPostprocessing = 0;
			shellPath = /bin/sh;
			shellScript = "\"${PODS_ROOT}/Target Support Files/Pods-Aviasales Test/Pods-Aviasales Test-frameworks.sh\"\n";
			showEnvVarsInLog = 0;
		};
/* End PBXShellScriptBuildPhase section */

/* Begin PBXSourcesBuildPhase section */
		DD9186232535FA83002AA189 /* Sources */ = {
			isa = PBXSourcesBuildPhase;
			buildActionMask = 2147483647;
			files = (
				DD91867A2536116B002AA189 /* TableViewCell.swift in Sources */,
				DD8368EB253AFE9900B38A6F /* MapCommon.swift in Sources */,
				DD9186A025361A6F002AA189 /* ListingPlaceCell.swift in Sources */,
				DD9186772536116B002AA189 /* TableViewCellTypeProvider.swift in Sources */,
				DD9186782536116B002AA189 /* TableViewDirector.swift in Sources */,
				DD13B929253E00CB0015DBEC /* NoResultCell.swift in Sources */,
				DD91867B2536116B002AA189 /* FallbackCell.swift in Sources */,
				DD8368D7253AE52F00B38A6F /* MapModelController.swift in Sources */,
				DD8368CA253AE38D00B38A6F /* Router.swift in Sources */,
				DD13B93B253E11F60015DBEC /* DispatchQueue+Dedupe.swift in Sources */,
				DD91865A25361084002AA189 /* ListingNavigationController.swift in Sources */,
				DD9186662536111A002AA189 /* ListingAssembler.swift in Sources */,
				DD918697253615FD002AA189 /* Location.swift in Sources */,
				DD8368CD253AE3A500B38A6F /* ListingRouter.swift in Sources */,
				DD91867F2536116B002AA189 /* TableViewCellViewModel.swift in Sources */,
				DD91868E25361260002AA189 /* ListingServiceImpl.swift in Sources */,
				DD918683253611B7002AA189 /* AppAssembler.swift in Sources */,
				DD91867C2536116B002AA189 /* ScrollViewEvents.swift in Sources */,
				DD9186622536111A002AA189 /* ListingModelController.swift in Sources */,
				DD836909253B38E400B38A6F /* AppColor.swift in Sources */,
				DD8368E8253AFA7800B38A6F /* CLLocationCoordinate2D+Location.swift in Sources */,
				DD91868C25361260002AA189 /* VoidResult.swift in Sources */,
				DD8368DA253AEA0C00B38A6F /* MapRouter.swift in Sources */,
				DD91867D2536116B002AA189 /* TableViewCellHeightProvider.swift in Sources */,
				DD9186802536116B002AA189 /* Cache.swift in Sources */,
				DD9186642536111A002AA189 /* ListingCellTypeProvider.swift in Sources */,
				DD9186B425361CB5002AA189 /* UITableView++.swift in Sources */,
				DD9186762536116B002AA189 /* TableViewAdapter.swift in Sources */,
				DD91868D25361260002AA189 /* ListingService.swift in Sources */,
				DD9186792536116B002AA189 /* TableViewEvents.swift in Sources */,
				DD9186932536131E002AA189 /* AppConstants.swift in Sources */,
				DD836904253B2C7C00B38A6F /* UIImage+Rotated.swift in Sources */,
				DD9186A325361A76002AA189 /* ListingPlaceCellViewModel.swift in Sources */,
				DD9186AF25361C76002AA189 /* AppFont.swift in Sources */,
				DD8368D1253AE52200B38A6F /* MapAssembler.swift in Sources */,
				DD9186652536111A002AA189 /* ListingCellHeightProvider.swift in Sources */,
				DD8368E3253AF31000B38A6F /* IATAAnnotationView.swift in Sources */,
				DD91867E2536116B002AA189 /* TableViewUpdater.swift in Sources */,
				DD91862B2535FA83002AA189 /* AppDelegate.swift in Sources */,
				DD13B92C253E00D60015DBEC /* NoResultCellViewModel.swift in Sources */,
				DD91869A25361687002AA189 /* Place.swift in Sources */,
				DD9186632536111A002AA189 /* ListingViewController.swift in Sources */,
				DD91868F25361260002AA189 /* ListingAPI.swift in Sources */,
				DD8368D4253AE52900B38A6F /* MapViewController.swift in Sources */,
				DD8368E0253AF19C00B38A6F /* IATAAnnotation.swift in Sources */,
			);
			runOnlyForDeploymentPostprocessing = 0;
		};
/* End PBXSourcesBuildPhase section */

/* Begin PBXVariantGroup section */
		DD13B943253E1D0B0015DBEC /* Localizable.strings */ = {
			isa = PBXVariantGroup;
			children = (
				DD13B942253E1D0B0015DBEC /* en */,
				DD13B945253E1D1C0015DBEC /* ru */,
			);
			name = Localizable.strings;
			sourceTree = "<group>";
		};
		DD9186352535FA85002AA189 /* LaunchScreen.storyboard */ = {
			isa = PBXVariantGroup;
			children = (
				DD9186362535FA85002AA189 /* Base */,
			);
			name = LaunchScreen.storyboard;
			sourceTree = "<group>";
		};
/* End PBXVariantGroup section */

/* Begin XCBuildConfiguration section */
		DD9186392535FA85002AA189 /* Debug */ = {
			isa = XCBuildConfiguration;
			buildSettings = {
				ALWAYS_SEARCH_USER_PATHS = NO;
				CLANG_ANALYZER_LOCALIZABILITY_NONLOCALIZED = YES;
				CLANG_ANALYZER_NONNULL = YES;
				CLANG_ANALYZER_NUMBER_OBJECT_CONVERSION = YES_AGGRESSIVE;
				CLANG_CXX_LANGUAGE_STANDARD = "gnu++14";
				CLANG_CXX_LIBRARY = "libc++";
				CLANG_ENABLE_MODULES = YES;
				CLANG_ENABLE_OBJC_ARC = YES;
				CLANG_ENABLE_OBJC_WEAK = YES;
				CLANG_WARN_BLOCK_CAPTURE_AUTORELEASING = YES;
				CLANG_WARN_BOOL_CONVERSION = YES;
				CLANG_WARN_COMMA = YES;
				CLANG_WARN_CONSTANT_CONVERSION = YES;
				CLANG_WARN_DEPRECATED_OBJC_IMPLEMENTATIONS = YES;
				CLANG_WARN_DIRECT_OBJC_ISA_USAGE = YES_ERROR;
				CLANG_WARN_DOCUMENTATION_COMMENTS = YES;
				CLANG_WARN_EMPTY_BODY = YES;
				CLANG_WARN_ENUM_CONVERSION = YES;
				CLANG_WARN_INFINITE_RECURSION = YES;
				CLANG_WARN_INT_CONVERSION = YES;
				CLANG_WARN_NON_LITERAL_NULL_CONVERSION = YES;
				CLANG_WARN_OBJC_IMPLICIT_RETAIN_SELF = YES;
				CLANG_WARN_OBJC_LITERAL_CONVERSION = YES;
				CLANG_WARN_OBJC_ROOT_CLASS = YES_ERROR;
				CLANG_WARN_QUOTED_INCLUDE_IN_FRAMEWORK_HEADER = YES;
				CLANG_WARN_RANGE_LOOP_ANALYSIS = YES;
				CLANG_WARN_STRICT_PROTOTYPES = YES;
				CLANG_WARN_SUSPICIOUS_MOVE = YES;
				CLANG_WARN_UNGUARDED_AVAILABILITY = YES_AGGRESSIVE;
				CLANG_WARN_UNREACHABLE_CODE = YES;
				CLANG_WARN__DUPLICATE_METHOD_MATCH = YES;
				COPY_PHASE_STRIP = NO;
				DEBUG_INFORMATION_FORMAT = dwarf;
				ENABLE_STRICT_OBJC_MSGSEND = YES;
				ENABLE_TESTABILITY = YES;
				GCC_C_LANGUAGE_STANDARD = gnu11;
				GCC_DYNAMIC_NO_PIC = NO;
				GCC_NO_COMMON_BLOCKS = YES;
				GCC_OPTIMIZATION_LEVEL = 0;
				GCC_PREPROCESSOR_DEFINITIONS = (
					"DEBUG=1",
					"$(inherited)",
				);
				GCC_WARN_64_TO_32_BIT_CONVERSION = YES;
				GCC_WARN_ABOUT_RETURN_TYPE = YES_ERROR;
				GCC_WARN_UNDECLARED_SELECTOR = YES;
				GCC_WARN_UNINITIALIZED_AUTOS = YES_AGGRESSIVE;
				GCC_WARN_UNUSED_FUNCTION = YES;
				GCC_WARN_UNUSED_VARIABLE = YES;
				IPHONEOS_DEPLOYMENT_TARGET = 12.0;
				MTL_ENABLE_DEBUG_INFO = INCLUDE_SOURCE;
				MTL_FAST_MATH = YES;
				ONLY_ACTIVE_ARCH = YES;
				SDKROOT = iphoneos;
				SWIFT_ACTIVE_COMPILATION_CONDITIONS = DEBUG;
				SWIFT_OPTIMIZATION_LEVEL = "-Onone";
			};
			name = Debug;
		};
		DD91863A2535FA85002AA189 /* Release */ = {
			isa = XCBuildConfiguration;
			buildSettings = {
				ALWAYS_SEARCH_USER_PATHS = NO;
				CLANG_ANALYZER_LOCALIZABILITY_NONLOCALIZED = YES;
				CLANG_ANALYZER_NONNULL = YES;
				CLANG_ANALYZER_NUMBER_OBJECT_CONVERSION = YES_AGGRESSIVE;
				CLANG_CXX_LANGUAGE_STANDARD = "gnu++14";
				CLANG_CXX_LIBRARY = "libc++";
				CLANG_ENABLE_MODULES = YES;
				CLANG_ENABLE_OBJC_ARC = YES;
				CLANG_ENABLE_OBJC_WEAK = YES;
				CLANG_WARN_BLOCK_CAPTURE_AUTORELEASING = YES;
				CLANG_WARN_BOOL_CONVERSION = YES;
				CLANG_WARN_COMMA = YES;
				CLANG_WARN_CONSTANT_CONVERSION = YES;
				CLANG_WARN_DEPRECATED_OBJC_IMPLEMENTATIONS = YES;
				CLANG_WARN_DIRECT_OBJC_ISA_USAGE = YES_ERROR;
				CLANG_WARN_DOCUMENTATION_COMMENTS = YES;
				CLANG_WARN_EMPTY_BODY = YES;
				CLANG_WARN_ENUM_CONVERSION = YES;
				CLANG_WARN_INFINITE_RECURSION = YES;
				CLANG_WARN_INT_CONVERSION = YES;
				CLANG_WARN_NON_LITERAL_NULL_CONVERSION = YES;
				CLANG_WARN_OBJC_IMPLICIT_RETAIN_SELF = YES;
				CLANG_WARN_OBJC_LITERAL_CONVERSION = YES;
				CLANG_WARN_OBJC_ROOT_CLASS = YES_ERROR;
				CLANG_WARN_QUOTED_INCLUDE_IN_FRAMEWORK_HEADER = YES;
				CLANG_WARN_RANGE_LOOP_ANALYSIS = YES;
				CLANG_WARN_STRICT_PROTOTYPES = YES;
				CLANG_WARN_SUSPICIOUS_MOVE = YES;
				CLANG_WARN_UNGUARDED_AVAILABILITY = YES_AGGRESSIVE;
				CLANG_WARN_UNREACHABLE_CODE = YES;
				CLANG_WARN__DUPLICATE_METHOD_MATCH = YES;
				COPY_PHASE_STRIP = NO;
				DEBUG_INFORMATION_FORMAT = "dwarf-with-dsym";
				ENABLE_NS_ASSERTIONS = NO;
				ENABLE_STRICT_OBJC_MSGSEND = YES;
				GCC_C_LANGUAGE_STANDARD = gnu11;
				GCC_NO_COMMON_BLOCKS = YES;
				GCC_WARN_64_TO_32_BIT_CONVERSION = YES;
				GCC_WARN_ABOUT_RETURN_TYPE = YES_ERROR;
				GCC_WARN_UNDECLARED_SELECTOR = YES;
				GCC_WARN_UNINITIALIZED_AUTOS = YES_AGGRESSIVE;
				GCC_WARN_UNUSED_FUNCTION = YES;
				GCC_WARN_UNUSED_VARIABLE = YES;
				IPHONEOS_DEPLOYMENT_TARGET = 12.0;
				MTL_ENABLE_DEBUG_INFO = NO;
				MTL_FAST_MATH = YES;
				SDKROOT = iphoneos;
				SWIFT_COMPILATION_MODE = wholemodule;
				SWIFT_OPTIMIZATION_LEVEL = "-O";
				VALIDATE_PRODUCT = YES;
			};
			name = Release;
		};
		DD91863C2535FA85002AA189 /* Debug */ = {
			isa = XCBuildConfiguration;
			baseConfigurationReference = E5573DBB5D84813DD386FAC3 /* Pods-Aviasales Test.debug.xcconfig */;
			buildSettings = {
				ASSETCATALOG_COMPILER_APPICON_NAME = AppIcon;
				ASSETCATALOG_COMPILER_GLOBAL_ACCENT_COLOR_NAME = AccentColor;
				CODE_SIGN_STYLE = Automatic;
				DEVELOPMENT_TEAM = QZTJ8W8QRE;
				INFOPLIST_FILE = "$(SRCROOT)/Aviasales Test/Supporting/Info.plist";
				IPHONEOS_DEPLOYMENT_TARGET = 12.0;
				LD_RUNPATH_SEARCH_PATHS = (
					"$(inherited)",
					"@executable_path/Frameworks",
				);
				PRODUCT_BUNDLE_IDENTIFIER = "un0dvend1g.Aviasales-Test";
				PRODUCT_NAME = "$(TARGET_NAME)";
				SWIFT_VERSION = 5.0;
				TARGETED_DEVICE_FAMILY = 1;
			};
			name = Debug;
		};
		DD91863D2535FA85002AA189 /* Release */ = {
			isa = XCBuildConfiguration;
			baseConfigurationReference = 5CD259B7D79FB7336686EBAE /* Pods-Aviasales Test.release.xcconfig */;
			buildSettings = {
				ASSETCATALOG_COMPILER_APPICON_NAME = AppIcon;
				ASSETCATALOG_COMPILER_GLOBAL_ACCENT_COLOR_NAME = AccentColor;
				CODE_SIGN_STYLE = Automatic;
				DEVELOPMENT_TEAM = QZTJ8W8QRE;
				INFOPLIST_FILE = "$(SRCROOT)/Aviasales Test/Supporting/Info.plist";
				IPHONEOS_DEPLOYMENT_TARGET = 12.0;
				LD_RUNPATH_SEARCH_PATHS = (
					"$(inherited)",
					"@executable_path/Frameworks",
				);
				PRODUCT_BUNDLE_IDENTIFIER = "un0dvend1g.Aviasales-Test";
				PRODUCT_NAME = "$(TARGET_NAME)";
				SWIFT_VERSION = 5.0;
				TARGETED_DEVICE_FAMILY = 1;
			};
			name = Release;
		};
/* End XCBuildConfiguration section */

/* Begin XCConfigurationList section */
		DD9186222535FA83002AA189 /* Build configuration list for PBXProject "Aviasales Test" */ = {
			isa = XCConfigurationList;
			buildConfigurations = (
				DD9186392535FA85002AA189 /* Debug */,
				DD91863A2535FA85002AA189 /* Release */,
			);
			defaultConfigurationIsVisible = 0;
			defaultConfigurationName = Release;
		};
		DD91863B2535FA85002AA189 /* Build configuration list for PBXNativeTarget "Aviasales Test" */ = {
			isa = XCConfigurationList;
			buildConfigurations = (
				DD91863C2535FA85002AA189 /* Debug */,
				DD91863D2535FA85002AA189 /* Release */,
			);
			defaultConfigurationIsVisible = 0;
			defaultConfigurationName = Release;
		};
/* End XCConfigurationList section */
	};
	rootObject = DD91861F2535FA83002AA189 /* Project object */;
}
